// !$*UTF8*$!
{
	archiveVersion = 1;
	classes = {
	};
	objectVersion = 56;
	objects = {

/* Begin PBXBuildFile section */
		EE287B832CBFF52B001F12EA /* RecipeDecodingTests.swift in Sources */ = {isa = PBXBuildFile; fileRef = EE287B822CBFF52B001F12EA /* RecipeDecodingTests.swift */; };
		EE287B852CC00152001F12EA /* RecipeResonse.swift in Sources */ = {isa = PBXBuildFile; fileRef = EE287B842CC00147001F12EA /* RecipeResonse.swift */; };
		EE287B872CC00258001F12EA /* RecipeResponseDecodingTests.swift in Sources */ = {isa = PBXBuildFile; fileRef = EE287B862CC00258001F12EA /* RecipeResponseDecodingTests.swift */; };
		EE287B8B2CC0058E001F12EA /* UrlLoader.swift in Sources */ = {isa = PBXBuildFile; fileRef = EE287B8A2CC0057F001F12EA /* UrlLoader.swift */; };
		EE287B8D2CC00F18001F12EA /* UrlSessionLoader.swift in Sources */ = {isa = PBXBuildFile; fileRef = EE287B8C2CC00F18001F12EA /* UrlSessionLoader.swift */; };
		EE287B902CC00FBA001F12EA /* UrlSessionLoaderTests.swift in Sources */ = {isa = PBXBuildFile; fileRef = EE287B8F2CC00FBA001F12EA /* UrlSessionLoaderTests.swift */; };
		EE287B942CC06251001F12EA /* MainViewModel.swift in Sources */ = {isa = PBXBuildFile; fileRef = EE287B932CC06249001F12EA /* MainViewModel.swift */; };
		EE287B962CC06D7C001F12EA /* MainViewModelTests.swift in Sources */ = {isa = PBXBuildFile; fileRef = EE287B952CC06D7C001F12EA /* MainViewModelTests.swift */; };
		EE287B982CC06E15001F12EA /* DataManager.swift in Sources */ = {isa = PBXBuildFile; fileRef = EE287B972CC06DFB001F12EA /* DataManager.swift */; };
		EE287B9D2CC07242001F12EA /* PredictableLoader.swift in Sources */ = {isa = PBXBuildFile; fileRef = EE287B9B2CC07211001F12EA /* PredictableLoader.swift */; };
		EE287BA02CC08795001F12EA /* NukeUI in Frameworks */ = {isa = PBXBuildFile; productRef = EE287B9F2CC08795001F12EA /* NukeUI */; };
		EE287BA22CC087B6001F12EA /* RecipeListView.swift in Sources */ = {isa = PBXBuildFile; fileRef = EE287BA12CC087AA001F12EA /* RecipeListView.swift */; };
		EE81CC7C2CBFEEB50022240B /* TakeHomeProjectApp.swift in Sources */ = {isa = PBXBuildFile; fileRef = EE81CC7B2CBFEEB50022240B /* TakeHomeProjectApp.swift */; };
		EE81CC7E2CBFEEB50022240B /* ContentView.swift in Sources */ = {isa = PBXBuildFile; fileRef = EE81CC7D2CBFEEB50022240B /* ContentView.swift */; };
		EE81CC802CBFEEB60022240B /* Assets.xcassets in Resources */ = {isa = PBXBuildFile; fileRef = EE81CC7F2CBFEEB60022240B /* Assets.xcassets */; };
		EE81CC832CBFEEB60022240B /* Preview Assets.xcassets in Resources */ = {isa = PBXBuildFile; fileRef = EE81CC822CBFEEB60022240B /* Preview Assets.xcassets */; };
		EE81CCA72CBFEF0D0022240B /* Recipe.swift in Sources */ = {isa = PBXBuildFile; fileRef = EE81CCA62CBFEF0D0022240B /* Recipe.swift */; };
		EEE33EBA2CC93E7B00F9C094 /* SafariView.swift in Sources */ = {isa = PBXBuildFile; fileRef = EEE33EB92CC93E7B00F9C094 /* SafariView.swift */; };
/* End PBXBuildFile section */

/* Begin PBXContainerItemProxy section */
		EE81CC892CBFEEB70022240B /* PBXContainerItemProxy */ = {
			isa = PBXContainerItemProxy;
			containerPortal = EE81CC702CBFEEB50022240B /* Project object */;
			proxyType = 1;
			remoteGlobalIDString = EE81CC772CBFEEB50022240B;
			remoteInfo = TakeHomeProject;
		};
/* End PBXContainerItemProxy section */

/* Begin PBXFileReference section */
		EE287B822CBFF52B001F12EA /* RecipeDecodingTests.swift */ = {isa = PBXFileReference; lastKnownFileType = sourcecode.swift; path = RecipeDecodingTests.swift; sourceTree = "<group>"; };
		EE287B842CC00147001F12EA /* RecipeResonse.swift */ = {isa = PBXFileReference; lastKnownFileType = sourcecode.swift; path = RecipeResonse.swift; sourceTree = "<group>"; };
		EE287B862CC00258001F12EA /* RecipeResponseDecodingTests.swift */ = {isa = PBXFileReference; lastKnownFileType = sourcecode.swift; path = RecipeResponseDecodingTests.swift; sourceTree = "<group>"; };
		EE287B8A2CC0057F001F12EA /* UrlLoader.swift */ = {isa = PBXFileReference; lastKnownFileType = sourcecode.swift; path = UrlLoader.swift; sourceTree = "<group>"; };
		EE287B8C2CC00F18001F12EA /* UrlSessionLoader.swift */ = {isa = PBXFileReference; lastKnownFileType = sourcecode.swift; path = UrlSessionLoader.swift; sourceTree = "<group>"; };
		EE287B8F2CC00FBA001F12EA /* UrlSessionLoaderTests.swift */ = {isa = PBXFileReference; lastKnownFileType = sourcecode.swift; path = UrlSessionLoaderTests.swift; sourceTree = "<group>"; };
		EE287B932CC06249001F12EA /* MainViewModel.swift */ = {isa = PBXFileReference; lastKnownFileType = sourcecode.swift; path = MainViewModel.swift; sourceTree = "<group>"; };
		EE287B952CC06D7C001F12EA /* MainViewModelTests.swift */ = {isa = PBXFileReference; lastKnownFileType = sourcecode.swift; path = MainViewModelTests.swift; sourceTree = "<group>"; };
		EE287B972CC06DFB001F12EA /* DataManager.swift */ = {isa = PBXFileReference; lastKnownFileType = sourcecode.swift; path = DataManager.swift; sourceTree = "<group>"; };
		EE287B9B2CC07211001F12EA /* PredictableLoader.swift */ = {isa = PBXFileReference; lastKnownFileType = sourcecode.swift; path = PredictableLoader.swift; sourceTree = "<group>"; };
		EE287BA12CC087AA001F12EA /* RecipeListView.swift */ = {isa = PBXFileReference; lastKnownFileType = sourcecode.swift; path = RecipeListView.swift; sourceTree = "<group>"; };
		EE81CC782CBFEEB50022240B /* TakeHomeProject.app */ = {isa = PBXFileReference; explicitFileType = wrapper.application; includeInIndex = 0; path = TakeHomeProject.app; sourceTree = BUILT_PRODUCTS_DIR; };
		EE81CC7B2CBFEEB50022240B /* TakeHomeProjectApp.swift */ = {isa = PBXFileReference; lastKnownFileType = sourcecode.swift; path = TakeHomeProjectApp.swift; sourceTree = "<group>"; };
		EE81CC7D2CBFEEB50022240B /* ContentView.swift */ = {isa = PBXFileReference; lastKnownFileType = sourcecode.swift; path = ContentView.swift; sourceTree = "<group>"; };
		EE81CC7F2CBFEEB60022240B /* Assets.xcassets */ = {isa = PBXFileReference; lastKnownFileType = folder.assetcatalog; path = Assets.xcassets; sourceTree = "<group>"; };
		EE81CC822CBFEEB60022240B /* Preview Assets.xcassets */ = {isa = PBXFileReference; lastKnownFileType = folder.assetcatalog; path = "Preview Assets.xcassets"; sourceTree = "<group>"; };
		EE81CC882CBFEEB70022240B /* TakeHomeProjectTests.xctest */ = {isa = PBXFileReference; explicitFileType = wrapper.cfbundle; includeInIndex = 0; path = TakeHomeProjectTests.xctest; sourceTree = BUILT_PRODUCTS_DIR; };
		EE81CCA62CBFEF0D0022240B /* Recipe.swift */ = {isa = PBXFileReference; lastKnownFileType = sourcecode.swift; path = Recipe.swift; sourceTree = "<group>"; };
		EEE33EB92CC93E7B00F9C094 /* SafariView.swift */ = {isa = PBXFileReference; lastKnownFileType = sourcecode.swift; path = SafariView.swift; sourceTree = "<group>"; };
/* End PBXFileReference section */

/* Begin PBXFrameworksBuildPhase section */
		EE81CC752CBFEEB50022240B /* Frameworks */ = {
			isa = PBXFrameworksBuildPhase;
			buildActionMask = 2147483647;
			files = (
				EE287BA02CC08795001F12EA /* NukeUI in Frameworks */,
			);
			runOnlyForDeploymentPostprocessing = 0;
		};
		EE81CC852CBFEEB70022240B /* Frameworks */ = {
			isa = PBXFrameworksBuildPhase;
			buildActionMask = 2147483647;
			files = (
			);
			runOnlyForDeploymentPostprocessing = 0;
		};
/* End PBXFrameworksBuildPhase section */

/* Begin PBXGroup section */
		EE287B8E2CC00F37001F12EA /* DataAccess */ = {
			isa = PBXGroup;
			children = (
				EE287B9B2CC07211001F12EA /* PredictableLoader.swift */,
				EE287B972CC06DFB001F12EA /* DataManager.swift */,
				EE287B8C2CC00F18001F12EA /* UrlSessionLoader.swift */,
				EE287B8A2CC0057F001F12EA /* UrlLoader.swift */,
			);
			path = DataAccess;
			sourceTree = "<group>";
		};
		EE287B912CC061DE001F12EA /* ViewModel */ = {
			isa = PBXGroup;
			children = (
				EE287B932CC06249001F12EA /* MainViewModel.swift */,
			);
			path = ViewModel;
			sourceTree = "<group>";
		};
		EE287B922CC061E6001F12EA /* Cells */ = {
			isa = PBXGroup;
			children = (
				EE287BA12CC087AA001F12EA /* RecipeListView.swift */,
			);
			path = Cells;
			sourceTree = "<group>";
		};
		EE81CC6F2CBFEEB50022240B = {
			isa = PBXGroup;
			children = (
				EE81CC7A2CBFEEB50022240B /* TakeHomeProject */,
				EE81CC8B2CBFEEB70022240B /* TakeHomeProjectTests */,
				EE81CC792CBFEEB50022240B /* Products */,
			);
			sourceTree = "<group>";
		};
		EE81CC792CBFEEB50022240B /* Products */ = {
			isa = PBXGroup;
			children = (
				EE81CC782CBFEEB50022240B /* TakeHomeProject.app */,
				EE81CC882CBFEEB70022240B /* TakeHomeProjectTests.xctest */,
			);
			name = Products;
			sourceTree = "<group>";
		};
		EE81CC7A2CBFEEB50022240B /* TakeHomeProject */ = {
			isa = PBXGroup;
			children = (
				EE287B922CC061E6001F12EA /* Cells */,
				EE287B912CC061DE001F12EA /* ViewModel */,
				EE287B8E2CC00F37001F12EA /* DataAccess */,
				EE81CCA52CBFEEF90022240B /* Models */,
				EE81CC7B2CBFEEB50022240B /* TakeHomeProjectApp.swift */,
				EE81CC7D2CBFEEB50022240B /* ContentView.swift */,
				EEE33EB92CC93E7B00F9C094 /* SafariView.swift */,
				EE81CC7F2CBFEEB60022240B /* Assets.xcassets */,
				EE81CC812CBFEEB60022240B /* Preview Content */,
			);
			path = TakeHomeProject;
			sourceTree = "<group>";
		};
		EE81CC812CBFEEB60022240B /* Preview Content */ = {
			isa = PBXGroup;
			children = (
				EE81CC822CBFEEB60022240B /* Preview Assets.xcassets */,
			);
			path = "Preview Content";
			sourceTree = "<group>";
		};
		EE81CC8B2CBFEEB70022240B /* TakeHomeProjectTests */ = {
			isa = PBXGroup;
			children = (
				EE287B822CBFF52B001F12EA /* RecipeDecodingTests.swift */,
				EE287B862CC00258001F12EA /* RecipeResponseDecodingTests.swift */,
				EE287B8F2CC00FBA001F12EA /* UrlSessionLoaderTests.swift */,
				EE287B952CC06D7C001F12EA /* MainViewModelTests.swift */,
			);
			path = TakeHomeProjectTests;
			sourceTree = "<group>";
		};
		EE81CCA52CBFEEF90022240B /* Models */ = {
			isa = PBXGroup;
			children = (
				EE287B842CC00147001F12EA /* RecipeResonse.swift */,
				EE81CCA62CBFEF0D0022240B /* Recipe.swift */,
			);
			path = Models;
			sourceTree = "<group>";
		};
/* End PBXGroup section */

/* Begin PBXNativeTarget section */
		EE81CC772CBFEEB50022240B /* TakeHomeProject */ = {
			isa = PBXNativeTarget;
			buildConfigurationList = EE81CC9C2CBFEEB70022240B /* Build configuration list for PBXNativeTarget "TakeHomeProject" */;
			buildPhases = (
				EE81CC742CBFEEB50022240B /* Sources */,
				EE81CC752CBFEEB50022240B /* Frameworks */,
				EE81CC762CBFEEB50022240B /* Resources */,
			);
			buildRules = (
			);
			dependencies = (
			);
			name = TakeHomeProject;
			productName = TakeHomeProject;
			productReference = EE81CC782CBFEEB50022240B /* TakeHomeProject.app */;
			productType = "com.apple.product-type.application";
		};
		EE81CC872CBFEEB70022240B /* TakeHomeProjectTests */ = {
			isa = PBXNativeTarget;
			buildConfigurationList = EE81CC9F2CBFEEB70022240B /* Build configuration list for PBXNativeTarget "TakeHomeProjectTests" */;
			buildPhases = (
				EE81CC842CBFEEB70022240B /* Sources */,
				EE81CC852CBFEEB70022240B /* Frameworks */,
				EE81CC862CBFEEB70022240B /* Resources */,
			);
			buildRules = (
			);
			dependencies = (
				EE81CC8A2CBFEEB70022240B /* PBXTargetDependency */,
			);
			name = TakeHomeProjectTests;
			productName = TakeHomeProjectTests;
			productReference = EE81CC882CBFEEB70022240B /* TakeHomeProjectTests.xctest */;
			productType = "com.apple.product-type.bundle.unit-test";
		};
/* End PBXNativeTarget section */

/* Begin PBXProject section */
		EE81CC702CBFEEB50022240B /* Project object */ = {
			isa = PBXProject;
			attributes = {
				BuildIndependentTargetsInParallel = 1;
				LastSwiftUpdateCheck = 1540;
				LastUpgradeCheck = 1540;
				TargetAttributes = {
					EE81CC772CBFEEB50022240B = {
						CreatedOnToolsVersion = 15.4;
					};
					EE81CC872CBFEEB70022240B = {
						CreatedOnToolsVersion = 15.4;
						TestTargetID = EE81CC772CBFEEB50022240B;
					};
				};
			};
			buildConfigurationList = EE81CC732CBFEEB50022240B /* Build configuration list for PBXProject "TakeHomeProject" */;
			compatibilityVersion = "Xcode 14.0";
			developmentRegion = en;
			hasScannedForEncodings = 0;
			knownRegions = (
				en,
				Base,
			);
			mainGroup = EE81CC6F2CBFEEB50022240B;
			packageReferences = (
				EE287B9E2CC08795001F12EA /* XCRemoteSwiftPackageReference "Nuke" */,
			);
			productRefGroup = EE81CC792CBFEEB50022240B /* Products */;
			projectDirPath = "";
			projectRoot = "";
			targets = (
				EE81CC772CBFEEB50022240B /* TakeHomeProject */,
				EE81CC872CBFEEB70022240B /* TakeHomeProjectTests */,
			);
		};
/* End PBXProject section */

/* Begin PBXResourcesBuildPhase section */
		EE81CC762CBFEEB50022240B /* Resources */ = {
			isa = PBXResourcesBuildPhase;
			buildActionMask = 2147483647;
			files = (
				EE81CC832CBFEEB60022240B /* Preview Assets.xcassets in Resources */,
				EE81CC802CBFEEB60022240B /* Assets.xcassets in Resources */,
			);
			runOnlyForDeploymentPostprocessing = 0;
		};
		EE81CC862CBFEEB70022240B /* Resources */ = {
			isa = PBXResourcesBuildPhase;
			buildActionMask = 2147483647;
			files = (
			);
			runOnlyForDeploymentPostprocessing = 0;
		};
/* End PBXResourcesBuildPhase section */

/* Begin PBXSourcesBuildPhase section */
		EE81CC742CBFEEB50022240B /* Sources */ = {
			isa = PBXSourcesBuildPhase;
			buildActionMask = 2147483647;
			files = (
				EE287B9D2CC07242001F12EA /* PredictableLoader.swift in Sources */,
				EE287B942CC06251001F12EA /* MainViewModel.swift in Sources */,
				EE287BA22CC087B6001F12EA /* RecipeListView.swift in Sources */,
				EE287B982CC06E15001F12EA /* DataManager.swift in Sources */,
				EE81CCA72CBFEF0D0022240B /* Recipe.swift in Sources */,
				EEE33EBA2CC93E7B00F9C094 /* SafariView.swift in Sources */,
				EE287B8D2CC00F18001F12EA /* UrlSessionLoader.swift in Sources */,
				EE287B852CC00152001F12EA /* RecipeResonse.swift in Sources */,
				EE287B8B2CC0058E001F12EA /* UrlLoader.swift in Sources */,
				EE81CC7E2CBFEEB50022240B /* ContentView.swift in Sources */,
				EE81CC7C2CBFEEB50022240B /* TakeHomeProjectApp.swift in Sources */,
			);
			runOnlyForDeploymentPostprocessing = 0;
		};
		EE81CC842CBFEEB70022240B /* Sources */ = {
			isa = PBXSourcesBuildPhase;
			buildActionMask = 2147483647;
			files = (
				EE287B872CC00258001F12EA /* RecipeResponseDecodingTests.swift in Sources */,
				EE287B832CBFF52B001F12EA /* RecipeDecodingTests.swift in Sources */,
				EE287B902CC00FBA001F12EA /* UrlSessionLoaderTests.swift in Sources */,
				EE287B962CC06D7C001F12EA /* MainViewModelTests.swift in Sources */,
			);
			runOnlyForDeploymentPostprocessing = 0;
		};
/* End PBXSourcesBuildPhase section */

/* Begin PBXTargetDependency section */
		EE81CC8A2CBFEEB70022240B /* PBXTargetDependency */ = {
			isa = PBXTargetDependency;
			target = EE81CC772CBFEEB50022240B /* TakeHomeProject */;
			targetProxy = EE81CC892CBFEEB70022240B /* PBXContainerItemProxy */;
		};
/* End PBXTargetDependency section */

/* Begin XCBuildConfiguration section */
		EE81CC9A2CBFEEB70022240B /* Debug */ = {
			isa = XCBuildConfiguration;
			buildSettings = {
				ALWAYS_SEARCH_USER_PATHS = NO;
				ASSETCATALOG_COMPILER_GENERATE_SWIFT_ASSET_SYMBOL_EXTENSIONS = YES;
				CLANG_ANALYZER_NONNULL = YES;
				CLANG_ANALYZER_NUMBER_OBJECT_CONVERSION = YES_AGGRESSIVE;
				CLANG_CXX_LANGUAGE_STANDARD = "gnu++20";
				CLANG_ENABLE_MODULES = YES;
				CLANG_ENABLE_OBJC_ARC = YES;
				CLANG_ENABLE_OBJC_WEAK = YES;
				CLANG_WARN_BLOCK_CAPTURE_AUTORELEASING = YES;
				CLANG_WARN_BOOL_CONVERSION = YES;
				CLANG_WARN_COMMA = YES;
				CLANG_WARN_CONSTANT_CONVERSION = YES;
				CLANG_WARN_DEPRECATED_OBJC_IMPLEMENTATIONS = YES;
				CLANG_WARN_DIRECT_OBJC_ISA_USAGE = YES_ERROR;
				CLANG_WARN_DOCUMENTATION_COMMENTS = YES;
				CLANG_WARN_EMPTY_BODY = YES;
				CLANG_WARN_ENUM_CONVERSION = YES;
				CLANG_WARN_INFINITE_RECURSION = YES;
				CLANG_WARN_INT_CONVERSION = YES;
				CLANG_WARN_NON_LITERAL_NULL_CONVERSION = YES;
				CLANG_WARN_OBJC_IMPLICIT_RETAIN_SELF = YES;
				CLANG_WARN_OBJC_LITERAL_CONVERSION = YES;
				CLANG_WARN_OBJC_ROOT_CLASS = YES_ERROR;
				CLANG_WARN_QUOTED_INCLUDE_IN_FRAMEWORK_HEADER = YES;
				CLANG_WARN_RANGE_LOOP_ANALYSIS = YES;
				CLANG_WARN_STRICT_PROTOTYPES = YES;
				CLANG_WARN_SUSPICIOUS_MOVE = YES;
				CLANG_WARN_UNGUARDED_AVAILABILITY = YES_AGGRESSIVE;
				CLANG_WARN_UNREACHABLE_CODE = YES;
				CLANG_WARN__DUPLICATE_METHOD_MATCH = YES;
				COPY_PHASE_STRIP = NO;
				DEBUG_INFORMATION_FORMAT = dwarf;
				ENABLE_STRICT_OBJC_MSGSEND = YES;
				ENABLE_TESTABILITY = YES;
				ENABLE_USER_SCRIPT_SANDBOXING = YES;
				GCC_C_LANGUAGE_STANDARD = gnu17;
				GCC_DYNAMIC_NO_PIC = NO;
				GCC_NO_COMMON_BLOCKS = YES;
				GCC_OPTIMIZATION_LEVEL = 0;
				GCC_PREPROCESSOR_DEFINITIONS = (
					"DEBUG=1",
					"$(inherited)",
				);
				GCC_WARN_64_TO_32_BIT_CONVERSION = YES;
				GCC_WARN_ABOUT_RETURN_TYPE = YES_ERROR;
				GCC_WARN_UNDECLARED_SELECTOR = YES;
				GCC_WARN_UNINITIALIZED_AUTOS = YES_AGGRESSIVE;
				GCC_WARN_UNUSED_FUNCTION = YES;
				GCC_WARN_UNUSED_VARIABLE = YES;
				IPHONEOS_DEPLOYMENT_TARGET = 17.5;
				LOCALIZATION_PREFERS_STRING_CATALOGS = YES;
				MTL_ENABLE_DEBUG_INFO = INCLUDE_SOURCE;
				MTL_FAST_MATH = YES;
				ONLY_ACTIVE_ARCH = YES;
				SDKROOT = iphoneos;
				SWIFT_ACTIVE_COMPILATION_CONDITIONS = "DEBUG $(inherited)";
				SWIFT_OPTIMIZATION_LEVEL = "-Onone";
			};
			name = Debug;
		};
		EE81CC9B2CBFEEB70022240B /* Release */ = {
			isa = XCBuildConfiguration;
			buildSettings = {
				ALWAYS_SEARCH_USER_PATHS = NO;
				ASSETCATALOG_COMPILER_GENERATE_SWIFT_ASSET_SYMBOL_EXTENSIONS = YES;
				CLANG_ANALYZER_NONNULL = YES;
				CLANG_ANALYZER_NUMBER_OBJECT_CONVERSION = YES_AGGRESSIVE;
				CLANG_CXX_LANGUAGE_STANDARD = "gnu++20";
				CLANG_ENABLE_MODULES = YES;
				CLANG_ENABLE_OBJC_ARC = YES;
				CLANG_ENABLE_OBJC_WEAK = YES;
				CLANG_WARN_BLOCK_CAPTURE_AUTORELEASING = YES;
				CLANG_WARN_BOOL_CONVERSION = YES;
				CLANG_WARN_COMMA = YES;
				CLANG_WARN_CONSTANT_CONVERSION = YES;
				CLANG_WARN_DEPRECATED_OBJC_IMPLEMENTATIONS = YES;
				CLANG_WARN_DIRECT_OBJC_ISA_USAGE = YES_ERROR;
				CLANG_WARN_DOCUMENTATION_COMMENTS = YES;
				CLANG_WARN_EMPTY_BODY = YES;
				CLANG_WARN_ENUM_CONVERSION = YES;
				CLANG_WARN_INFINITE_RECURSION = YES;
				CLANG_WARN_INT_CONVERSION = YES;
				CLANG_WARN_NON_LITERAL_NULL_CONVERSION = YES;
				CLANG_WARN_OBJC_IMPLICIT_RETAIN_SELF = YES;
				CLANG_WARN_OBJC_LITERAL_CONVERSION = YES;
				CLANG_WARN_OBJC_ROOT_CLASS = YES_ERROR;
				CLANG_WARN_QUOTED_INCLUDE_IN_FRAMEWORK_HEADER = YES;
				CLANG_WARN_RANGE_LOOP_ANALYSIS = YES;
				CLANG_WARN_STRICT_PROTOTYPES = YES;
				CLANG_WARN_SUSPICIOUS_MOVE = YES;
				CLANG_WARN_UNGUARDED_AVAILABILITY = YES_AGGRESSIVE;
				CLANG_WARN_UNREACHABLE_CODE = YES;
				CLANG_WARN__DUPLICATE_METHOD_MATCH = YES;
				COPY_PHASE_STRIP = NO;
				DEBUG_INFORMATION_FORMAT = "dwarf-with-dsym";
				ENABLE_NS_ASSERTIONS = NO;
				ENABLE_STRICT_OBJC_MSGSEND = YES;
				ENABLE_USER_SCRIPT_SANDBOXING = YES;
				GCC_C_LANGUAGE_STANDARD = gnu17;
				GCC_NO_COMMON_BLOCKS = YES;
				GCC_WARN_64_TO_32_BIT_CONVERSION = YES;
				GCC_WARN_ABOUT_RETURN_TYPE = YES_ERROR;
				GCC_WARN_UNDECLARED_SELECTOR = YES;
				GCC_WARN_UNINITIALIZED_AUTOS = YES_AGGRESSIVE;
				GCC_WARN_UNUSED_FUNCTION = YES;
				GCC_WARN_UNUSED_VARIABLE = YES;
				IPHONEOS_DEPLOYMENT_TARGET = 17.5;
				LOCALIZATION_PREFERS_STRING_CATALOGS = YES;
				MTL_ENABLE_DEBUG_INFO = NO;
				MTL_FAST_MATH = YES;
				SDKROOT = iphoneos;
				SWIFT_COMPILATION_MODE = wholemodule;
				VALIDATE_PRODUCT = YES;
			};
			name = Release;
		};
		EE81CC9D2CBFEEB70022240B /* Debug */ = {
			isa = XCBuildConfiguration;
			buildSettings = {
				ASSETCATALOG_COMPILER_APPICON_NAME = AppIcon;
				ASSETCATALOG_COMPILER_GLOBAL_ACCENT_COLOR_NAME = AccentColor;
				CODE_SIGN_STYLE = Automatic;
				CURRENT_PROJECT_VERSION = 1;
				DEVELOPMENT_ASSET_PATHS = "\"TakeHomeProject/Preview Content\"";
				DEVELOPMENT_TEAM = KZ6GF9GGB2;
				ENABLE_PREVIEWS = YES;
				GENERATE_INFOPLIST_FILE = YES;
				INFOPLIST_KEY_UIApplicationSceneManifest_Generation = YES;
				INFOPLIST_KEY_UIApplicationSupportsIndirectInputEvents = YES;
				INFOPLIST_KEY_UILaunchScreen_Generation = YES;
				INFOPLIST_KEY_UISupportedInterfaceOrientations_iPad = "UIInterfaceOrientationPortrait UIInterfaceOrientationPortraitUpsideDown UIInterfaceOrientationLandscapeLeft UIInterfaceOrientationLandscapeRight";
				INFOPLIST_KEY_UISupportedInterfaceOrientations_iPhone = "UIInterfaceOrientationPortrait UIInterfaceOrientationLandscapeLeft UIInterfaceOrientationLandscapeRight";
				IPHONEOS_DEPLOYMENT_TARGET = 17.0;
				LD_RUNPATH_SEARCH_PATHS = (
					"$(inherited)",
					"@executable_path/Frameworks",
				);
				MARKETING_VERSION = 1.0;
				PRODUCT_BUNDLE_IDENTIFIER = com.FetchRewards.TakeHomeProject;
				PRODUCT_NAME = "$(TARGET_NAME)";
				SUPPORTED_PLATFORMS = "iphoneos iphonesimulator";
				SUPPORTS_MACCATALYST = NO;
				SUPPORTS_XR_DESIGNED_FOR_IPHONE_IPAD = NO;
				SWIFT_EMIT_LOC_STRINGS = YES;
				SWIFT_VERSION = 5.0;
				TARGETED_DEVICE_FAMILY = "1,2";
			};
			name = Debug;
		};
		EE81CC9E2CBFEEB70022240B /* Release */ = {
			isa = XCBuildConfiguration;
			buildSettings = {
				ASSETCATALOG_COMPILER_APPICON_NAME = AppIcon;
				ASSETCATALOG_COMPILER_GLOBAL_ACCENT_COLOR_NAME = AccentColor;
				CODE_SIGN_STYLE = Automatic;
				CURRENT_PROJECT_VERSION = 1;
				DEVELOPMENT_ASSET_PATHS = "\"TakeHomeProject/Preview Content\"";
				DEVELOPMENT_TEAM = KZ6GF9GGB2;
				ENABLE_PREVIEWS = YES;
				GENERATE_INFOPLIST_FILE = YES;
				INFOPLIST_KEY_UIApplicationSceneManifest_Generation = YES;
				INFOPLIST_KEY_UIApplicationSupportsIndirectInputEvents = YES;
				INFOPLIST_KEY_UILaunchScreen_Generation = YES;
				INFOPLIST_KEY_UISupportedInterfaceOrientations_iPad = "UIInterfaceOrientationPortrait UIInterfaceOrientationPortraitUpsideDown UIInterfaceOrientationLandscapeLeft UIInterfaceOrientationLandscapeRight";
				INFOPLIST_KEY_UISupportedInterfaceOrientations_iPhone = "UIInterfaceOrientationPortrait UIInterfaceOrientationLandscapeLeft UIInterfaceOrientationLandscapeRight";
				IPHONEOS_DEPLOYMENT_TARGET = 17.0;
				LD_RUNPATH_SEARCH_PATHS = (
					"$(inherited)",
					"@executable_path/Frameworks",
				);
				MARKETING_VERSION = 1.0;
				PRODUCT_BUNDLE_IDENTIFIER = com.FetchRewards.TakeHomeProject;
				PRODUCT_NAME = "$(TARGET_NAME)";
				SUPPORTED_PLATFORMS = "iphoneos iphonesimulator";
				SUPPORTS_MACCATALYST = NO;
				SUPPORTS_XR_DESIGNED_FOR_IPHONE_IPAD = NO;
				SWIFT_EMIT_LOC_STRINGS = YES;
				SWIFT_VERSION = 5.0;
				TARGETED_DEVICE_FAMILY = "1,2";
			};
			name = Release;
		};
		EE81CCA02CBFEEB70022240B /* Debug */ = {
			isa = XCBuildConfiguration;
			buildSettings = {
				BUNDLE_LOADER = "$(TEST_HOST)";
				CODE_SIGN_STYLE = Automatic;
				CURRENT_PROJECT_VERSION = 1;
				DEVELOPMENT_TEAM = KZ6GF9GGB2;
				GENERATE_INFOPLIST_FILE = YES;
				IPHONEOS_DEPLOYMENT_TARGET = 17.5;
				MARKETING_VERSION = 1.0;
				PRODUCT_BUNDLE_IDENTIFIER = com.FetchRewards.TakeHomeProjectTests;
				PRODUCT_NAME = "$(TARGET_NAME)";
				SWIFT_EMIT_LOC_STRINGS = NO;
				SWIFT_VERSION = 5.0;
				TARGETED_DEVICE_FAMILY = "1,2";
				TEST_HOST = "$(BUILT_PRODUCTS_DIR)/TakeHomeProject.app/$(BUNDLE_EXECUTABLE_FOLDER_PATH)/TakeHomeProject";
			};
			name = Debug;
		};
		EE81CCA12CBFEEB70022240B /* Release */ = {
			isa = XCBuildConfiguration;
			buildSettings = {
				BUNDLE_LOADER = "$(TEST_HOST)";
				CODE_SIGN_STYLE = Automatic;
				CURRENT_PROJECT_VERSION = 1;
				DEVELOPMENT_TEAM = KZ6GF9GGB2;
				GENERATE_INFOPLIST_FILE = YES;
				IPHONEOS_DEPLOYMENT_TARGET = 17.5;
				MARKETING_VERSION = 1.0;
				PRODUCT_BUNDLE_IDENTIFIER = com.FetchRewards.TakeHomeProjectTests;
				PRODUCT_NAME = "$(TARGET_NAME)";
				SWIFT_EMIT_LOC_STRINGS = NO;
				SWIFT_VERSION = 5.0;
				TARGETED_DEVICE_FAMILY = "1,2";
				TEST_HOST = "$(BUILT_PRODUCTS_DIR)/TakeHomeProject.app/$(BUNDLE_EXECUTABLE_FOLDER_PATH)/TakeHomeProject";
			};
			name = Release;
		};
/* End XCBuildConfiguration section */

/* Begin XCConfigurationList section */
		EE81CC732CBFEEB50022240B /* Build configuration list for PBXProject "TakeHomeProject" */ = {
			isa = XCConfigurationList;
			buildConfigurations = (
				EE81CC9A2CBFEEB70022240B /* Debug */,
				EE81CC9B2CBFEEB70022240B /* Release */,
			);
			defaultConfigurationIsVisible = 0;
			defaultConfigurationName = Release;
		};
		EE81CC9C2CBFEEB70022240B /* Build configuration list for PBXNativeTarget "TakeHomeProject" */ = {
			isa = XCConfigurationList;
			buildConfigurations = (
				EE81CC9D2CBFEEB70022240B /* Debug */,
				EE81CC9E2CBFEEB70022240B /* Release */,
			);
			defaultConfigurationIsVisible = 0;
			defaultConfigurationName = Release;
		};
		EE81CC9F2CBFEEB70022240B /* Build configuration list for PBXNativeTarget "TakeHomeProjectTests" */ = {
			isa = XCConfigurationList;
			buildConfigurations = (
				EE81CCA02CBFEEB70022240B /* Debug */,
				EE81CCA12CBFEEB70022240B /* Release */,
			);
			defaultConfigurationIsVisible = 0;
			defaultConfigurationName = Release;
		};
/* End XCConfigurationList section */

/* Begin XCRemoteSwiftPackageReference section */
		EE287B9E2CC08795001F12EA /* XCRemoteSwiftPackageReference "Nuke" */ = {
			isa = XCRemoteSwiftPackageReference;
			repositoryURL = "https://github.com/kean/Nuke";
			requirement = {
				kind = upToNextMajorVersion;
				minimumVersion = 12.8.0;
			};
		};
/* End XCRemoteSwiftPackageReference section */

/* Begin XCSwiftPackageProductDependency section */
		EE287B9F2CC08795001F12EA /* NukeUI */ = {
			isa = XCSwiftPackageProductDependency;
			package = EE287B9E2CC08795001F12EA /* XCRemoteSwiftPackageReference "Nuke" */;
			productName = NukeUI;
		};
/* End XCSwiftPackageProductDependency section */
	};
	rootObject = EE81CC702CBFEEB50022240B /* Project object */;
}
